
Microsoft Visual Studio Solution File, Format Version 12.00
# Visual Studio Version 17
VisualStudioVersion = 17.2.32630.192
MinimumVisualStudioVersion = 10.0.40219.1
Project("{FAE04EC0-301F-11D3-BF4B-00C04F79EFBC}") = "EasyGearBox", "GearBox\EasyGearBox.csproj", "{C2EF650B-4EBC-475C-AFE4-A386536BD8B7}"
EndProject
Global
	GlobalSection(SolutionConfigurationPlatforms) = preSolution
		Debug|Any CPU = Debug|Any CPU
		Release|Any CPU = Release|Any CPU
	EndGlobalSection
	GlobalSection(ProjectConfigurationPlatforms) = postSolution
		{C2EF650B-4EBC-475C-AFE4-A386536BD8B7}.Debug|Any CPU.ActiveCfg = Debug|Any CPU
		{C2EF650B-4EBC-475C-AFE4-A386536BD8B7}.Debug|Any CPU.Build.0 = Debug|Any CPU
		{C2EF650B-4EBC-475C-AFE4-A386536BD8B7}.Release|Any CPU.ActiveCfg = Release|Any CPU
		{C2EF650B-4EBC-475C-AFE4-A386536BD8B7}.Release|Any CPU.Build.0 = Release|Any CPU
	EndGlobalSection
	GlobalSection(SolutionProperties) = preSolution
		HideSolutionNode = FALSE
	EndGlobalSection
	GlobalSection(ExtensibilityGlobals) = postSolution
		SolutionGuid = {5DDFC935-7AB9-4620-B7EA-4BCA6AEB86C8}
	EndGlobalSection
EndGlobal
